
Microsoft Visual Studio Solution File, Format Version 12.00
# Visual Studio 2015
Project("{FAE04EC0-301F-11D3-BF4B-00C04F79EFBC}") = "CellPopulationDynamics.CSharp", "CellPopulationDynamics.CSharp.csproj", "{9917A0E3-8650-1702-2ED7-9E5A7ABC947B}"
EndProject
Global
	GlobalSection(SolutionConfigurationPlatforms) = preSolution
		Debug|Any CPU = Debug|Any CPU
		Release|Any CPU = Release|Any CPU
	EndGlobalSection
	GlobalSection(ProjectConfigurationPlatforms) = postSolution
		{9917A0E3-8650-1702-2ED7-9E5A7ABC947B}.Debug|Any CPU.ActiveCfg = Debug|Any CPU
		{9917A0E3-8650-1702-2ED7-9E5A7ABC947B}.Debug|Any CPU.Build.0 = Debug|Any CPU
		{9917A0E3-8650-1702-2ED7-9E5A7ABC947B}.Release|Any CPU.ActiveCfg = Release|Any CPU
		{9917A0E3-8650-1702-2ED7-9E5A7ABC947B}.Release|Any CPU.Build.0 = Release|Any CPU
	EndGlobalSection
	GlobalSection(SolutionProperties) = preSolution
		HideSolutionNode = FALSE
	EndGlobalSection
EndGlobal
